
Microsoft Visual Studio Solution File, Format Version 12.00
# Visual Studio Version 17
VisualStudioVersion = 17.8.34330.188
MinimumVisualStudioVersion = 10.0.40219.1
Project("{FAE04EC0-301F-11D3-BF4B-00C04F79EFBC}") = "BookStoreApi", "BookStoreApi\BookStoreApi.csproj", "{6F0D2086-AD6E-4C53-9D32-DD3F05D8546D}"
EndProject
Global
	GlobalSection(SolutionConfigurationPlatforms) = preSolution
		Debug|Any CPU = Debug|Any CPU
		Release|Any CPU = Release|Any CPU
	EndGlobalSection
	GlobalSection(ProjectConfigurationPlatforms) = postSolution
		{6F0D2086-AD6E-4C53-9D32-DD3F05D8546D}.Debug|Any CPU.ActiveCfg = Debug|Any CPU
		{6F0D2086-AD6E-4C53-9D32-DD3F05D8546D}.Debug|Any CPU.Build.0 = Debug|Any CPU
		{6F0D2086-AD6E-4C53-9D32-DD3F05D8546D}.Release|Any CPU.ActiveCfg = Release|Any CPU
		{6F0D2086-AD6E-4C53-9D32-DD3F05D8546D}.Release|Any CPU.Build.0 = Release|Any CPU
	EndGlobalSection
	GlobalSection(SolutionProperties) = preSolution
		HideSolutionNode = FALSE
	EndGlobalSection
	GlobalSection(ExtensibilityGlobals) = postSolution
		SolutionGuid = {BE4AE9D1-1059-4103-9335-AAC91B4D2DE3}
	EndGlobalSection
EndGlobal
